
Microsoft Visual Studio Solution File, Format Version 12.00
Project("{FAE04EC0-301F-11D3-BF4B-00C04F79EFBC}") = "MoiraiCli", "MoiraiCli\MoiraiCli.csproj", "{154CC6D3-A57E-481F-9704-95A85EDA6119}"
EndProject
Project("{FAE04EC0-301F-11D3-BF4B-00C04F79EFBC}") = "TestProject1", "TestProject1\TestProject1.csproj", "{864D4C4B-D557-4B6A-9913-3D2890C95591}"
EndProject
Project("{FAE04EC0-301F-11D3-BF4B-00C04F79EFBC}") = "Server", "vscode-languageserver\Server\Server.csproj", "{02A55A17-F766-47C0-9A1C-A2EA463BACF5}"
EndProject
Project("{FAE04EC0-301F-11D3-BF4B-00C04F79EFBC}") = "Moirai", "Moirai\Moirai.csproj", "{53FAAF8E-C383-4A6D-8255-D389F3A16464}"
EndProject
Project("{FAE04EC0-301F-11D3-BF4B-00C04F79EFBC}") = "Moirai.Parser", "Moirai.Parser\Moirai.Parser.csproj", "{039C4387-F891-45A0-B12B-0558ACD86FB4}"
EndProject
Global
	GlobalSection(SolutionConfigurationPlatforms) = preSolution
		Debug|Any CPU = Debug|Any CPU
		Release|Any CPU = Release|Any CPU
	EndGlobalSection
	GlobalSection(ProjectConfigurationPlatforms) = postSolution
		{154CC6D3-A57E-481F-9704-95A85EDA6119}.Debug|Any CPU.ActiveCfg = Debug|Any CPU
		{154CC6D3-A57E-481F-9704-95A85EDA6119}.Debug|Any CPU.Build.0 = Debug|Any CPU
		{154CC6D3-A57E-481F-9704-95A85EDA6119}.Release|Any CPU.ActiveCfg = Release|Any CPU
		{154CC6D3-A57E-481F-9704-95A85EDA6119}.Release|Any CPU.Build.0 = Release|Any CPU
		{864D4C4B-D557-4B6A-9913-3D2890C95591}.Debug|Any CPU.ActiveCfg = Debug|Any CPU
		{864D4C4B-D557-4B6A-9913-3D2890C95591}.Debug|Any CPU.Build.0 = Debug|Any CPU
		{864D4C4B-D557-4B6A-9913-3D2890C95591}.Release|Any CPU.ActiveCfg = Release|Any CPU
		{864D4C4B-D557-4B6A-9913-3D2890C95591}.Release|Any CPU.Build.0 = Release|Any CPU
		{02A55A17-F766-47C0-9A1C-A2EA463BACF5}.Debug|Any CPU.ActiveCfg = Debug|Any CPU
		{02A55A17-F766-47C0-9A1C-A2EA463BACF5}.Debug|Any CPU.Build.0 = Debug|Any CPU
		{02A55A17-F766-47C0-9A1C-A2EA463BACF5}.Release|Any CPU.ActiveCfg = Release|Any CPU
		{02A55A17-F766-47C0-9A1C-A2EA463BACF5}.Release|Any CPU.Build.0 = Release|Any CPU
		{53FAAF8E-C383-4A6D-8255-D389F3A16464}.Debug|Any CPU.ActiveCfg = Debug|Any CPU
		{53FAAF8E-C383-4A6D-8255-D389F3A16464}.Debug|Any CPU.Build.0 = Debug|Any CPU
		{53FAAF8E-C383-4A6D-8255-D389F3A16464}.Release|Any CPU.ActiveCfg = Release|Any CPU
		{53FAAF8E-C383-4A6D-8255-D389F3A16464}.Release|Any CPU.Build.0 = Release|Any CPU
		{039C4387-F891-45A0-B12B-0558ACD86FB4}.Debug|Any CPU.ActiveCfg = Debug|Any CPU
		{039C4387-F891-45A0-B12B-0558ACD86FB4}.Debug|Any CPU.Build.0 = Debug|Any CPU
		{039C4387-F891-45A0-B12B-0558ACD86FB4}.Release|Any CPU.ActiveCfg = Release|Any CPU
		{039C4387-F891-45A0-B12B-0558ACD86FB4}.Release|Any CPU.Build.0 = Release|Any CPU
	EndGlobalSection
EndGlobal
