
Microsoft Visual Studio Solution File, Format Version 12.00
Project("{FAE04EC0-301F-11D3-BF4B-00C04F79EFBC}") = "TestProject1", "TestProject1\TestProject1.csproj", "{864D4C4B-D557-4B6A-9913-3D2890C95591}"
EndProject
Project("{FAE04EC0-301F-11D3-BF4B-00C04F79EFBC}") = "Server", "vscode-languageserver\Server\Server.csproj", "{02A55A17-F766-47C0-9A1C-A2EA463BACF5}"
EndProject
Project("{FAE04EC0-301F-11D3-BF4B-00C04F79EFBC}") = "Moirai", "Moirai\Moirai.csproj", "{53FAAF8E-C383-4A6D-8255-D389F3A16464}"
EndProject
Project("{FAE04EC0-301F-11D3-BF4B-00C04F79EFBC}") = "Moirai.Parser", "Moirai.Parser\Moirai.Parser.csproj", "{039C4387-F891-45A0-B12B-0558ACD86FB4}"
EndProject
Project("{FAE04EC0-301F-11D3-BF4B-00C04F79EFBC}") = "MoiraiWebServer", "MoiraiWebServer\MoiraiWebServer.csproj", "{8F215786-AF11-4F89-BA82-8ECA1F85EDC5}"
EndProject
Project("{FAE04EC0-301F-11D3-BF4B-00C04F79EFBC}") = "Moirai.LanguageServer.Tests", "Moirai.LanguageServer.Tests\Moirai.LanguageServer.Tests.csproj", "{959595B4-8680-436B-9C79-5BF0C27CE7BB}"
EndProject
Project("{FAE04EC0-301F-11D3-BF4B-00C04F79EFBC}") = "Moirai.SourceGenerators", "Moirai.SourceGenerators\Moirai.SourceGenerators\Moirai.SourceGenerators.csproj", "{0F3CD15A-0BE5-4FAC-827F-E7181F51B2E7}"
EndProject
Project("{FAE04EC0-301F-11D3-BF4B-00C04F79EFBC}") = "Moirai.SourceGenerators.Tests", "Moirai.SourceGenerators\Moirai.SourceGenerators.Tests\Moirai.SourceGenerators.Tests.csproj", "{21942D79-AC3E-4781-9B63-940ABA900313}"
EndProject
Project("{FAE04EC0-301F-11D3-BF4B-00C04F79EFBC}") = "Moirai.Benchmarks", "Moirai.Benchmarks\Moirai.Benchmarks.csproj", "{CE533D08-86E9-4045-A5EC-89E1EECD3AD1}"
EndProject
Global
	GlobalSection(SolutionConfigurationPlatforms) = preSolution
		Debug|Any CPU = Debug|Any CPU
		Debug|x64 = Debug|x64
		Debug|x86 = Debug|x86
		Release|Any CPU = Release|Any CPU
		Release|x64 = Release|x64
		Release|x86 = Release|x86
	EndGlobalSection
	GlobalSection(ProjectConfigurationPlatforms) = postSolution
		{864D4C4B-D557-4B6A-9913-3D2890C95591}.Debug|Any CPU.ActiveCfg = Debug|Any CPU
		{864D4C4B-D557-4B6A-9913-3D2890C95591}.Debug|Any CPU.Build.0 = Debug|Any CPU
		{864D4C4B-D557-4B6A-9913-3D2890C95591}.Debug|x64.ActiveCfg = Debug|Any CPU
		{864D4C4B-D557-4B6A-9913-3D2890C95591}.Debug|x64.Build.0 = Debug|Any CPU
		{864D4C4B-D557-4B6A-9913-3D2890C95591}.Debug|x86.ActiveCfg = Debug|Any CPU
		{864D4C4B-D557-4B6A-9913-3D2890C95591}.Debug|x86.Build.0 = Debug|Any CPU
		{864D4C4B-D557-4B6A-9913-3D2890C95591}.Release|Any CPU.ActiveCfg = Release|Any CPU
		{864D4C4B-D557-4B6A-9913-3D2890C95591}.Release|Any CPU.Build.0 = Release|Any CPU
		{864D4C4B-D557-4B6A-9913-3D2890C95591}.Release|x64.ActiveCfg = Release|Any CPU
		{864D4C4B-D557-4B6A-9913-3D2890C95591}.Release|x64.Build.0 = Release|Any CPU
		{864D4C4B-D557-4B6A-9913-3D2890C95591}.Release|x86.ActiveCfg = Release|Any CPU
		{864D4C4B-D557-4B6A-9913-3D2890C95591}.Release|x86.Build.0 = Release|Any CPU
		{02A55A17-F766-47C0-9A1C-A2EA463BACF5}.Debug|Any CPU.ActiveCfg = Debug|Any CPU
		{02A55A17-F766-47C0-9A1C-A2EA463BACF5}.Debug|Any CPU.Build.0 = Debug|Any CPU
		{02A55A17-F766-47C0-9A1C-A2EA463BACF5}.Debug|x64.ActiveCfg = Debug|Any CPU
		{02A55A17-F766-47C0-9A1C-A2EA463BACF5}.Debug|x64.Build.0 = Debug|Any CPU
		{02A55A17-F766-47C0-9A1C-A2EA463BACF5}.Debug|x86.ActiveCfg = Debug|Any CPU
		{02A55A17-F766-47C0-9A1C-A2EA463BACF5}.Debug|x86.Build.0 = Debug|Any CPU
		{02A55A17-F766-47C0-9A1C-A2EA463BACF5}.Release|Any CPU.ActiveCfg = Release|Any CPU
		{02A55A17-F766-47C0-9A1C-A2EA463BACF5}.Release|Any CPU.Build.0 = Release|Any CPU
		{02A55A17-F766-47C0-9A1C-A2EA463BACF5}.Release|x64.ActiveCfg = Release|Any CPU
		{02A55A17-F766-47C0-9A1C-A2EA463BACF5}.Release|x64.Build.0 = Release|Any CPU
		{02A55A17-F766-47C0-9A1C-A2EA463BACF5}.Release|x86.ActiveCfg = Release|Any CPU
		{02A55A17-F766-47C0-9A1C-A2EA463BACF5}.Release|x86.Build.0 = Release|Any CPU
		{53FAAF8E-C383-4A6D-8255-D389F3A16464}.Debug|Any CPU.ActiveCfg = Debug|Any CPU
		{53FAAF8E-C383-4A6D-8255-D389F3A16464}.Debug|Any CPU.Build.0 = Debug|Any CPU
		{53FAAF8E-C383-4A6D-8255-D389F3A16464}.Debug|x64.ActiveCfg = Debug|Any CPU
		{53FAAF8E-C383-4A6D-8255-D389F3A16464}.Debug|x64.Build.0 = Debug|Any CPU
		{53FAAF8E-C383-4A6D-8255-D389F3A16464}.Debug|x86.ActiveCfg = Debug|Any CPU
		{53FAAF8E-C383-4A6D-8255-D389F3A16464}.Debug|x86.Build.0 = Debug|Any CPU
		{53FAAF8E-C383-4A6D-8255-D389F3A16464}.Release|Any CPU.ActiveCfg = Release|Any CPU
		{53FAAF8E-C383-4A6D-8255-D389F3A16464}.Release|Any CPU.Build.0 = Release|Any CPU
		{53FAAF8E-C383-4A6D-8255-D389F3A16464}.Release|x64.ActiveCfg = Release|Any CPU
		{53FAAF8E-C383-4A6D-8255-D389F3A16464}.Release|x64.Build.0 = Release|Any CPU
		{53FAAF8E-C383-4A6D-8255-D389F3A16464}.Release|x86.ActiveCfg = Release|Any CPU
		{53FAAF8E-C383-4A6D-8255-D389F3A16464}.Release|x86.Build.0 = Release|Any CPU
		{039C4387-F891-45A0-B12B-0558ACD86FB4}.Debug|Any CPU.ActiveCfg = Debug|Any CPU
		{039C4387-F891-45A0-B12B-0558ACD86FB4}.Debug|Any CPU.Build.0 = Debug|Any CPU
		{039C4387-F891-45A0-B12B-0558ACD86FB4}.Debug|x64.ActiveCfg = Debug|Any CPU
		{039C4387-F891-45A0-B12B-0558ACD86FB4}.Debug|x64.Build.0 = Debug|Any CPU
		{039C4387-F891-45A0-B12B-0558ACD86FB4}.Debug|x86.ActiveCfg = Debug|Any CPU
		{039C4387-F891-45A0-B12B-0558ACD86FB4}.Debug|x86.Build.0 = Debug|Any CPU
		{039C4387-F891-45A0-B12B-0558ACD86FB4}.Release|Any CPU.ActiveCfg = Release|Any CPU
		{039C4387-F891-45A0-B12B-0558ACD86FB4}.Release|Any CPU.Build.0 = Release|Any CPU
		{039C4387-F891-45A0-B12B-0558ACD86FB4}.Release|x64.ActiveCfg = Release|Any CPU
		{039C4387-F891-45A0-B12B-0558ACD86FB4}.Release|x64.Build.0 = Release|Any CPU
		{039C4387-F891-45A0-B12B-0558ACD86FB4}.Release|x86.ActiveCfg = Release|Any CPU
		{039C4387-F891-45A0-B12B-0558ACD86FB4}.Release|x86.Build.0 = Release|Any CPU
		{8F215786-AF11-4F89-BA82-8ECA1F85EDC5}.Debug|Any CPU.ActiveCfg = Debug|Any CPU
		{8F215786-AF11-4F89-BA82-8ECA1F85EDC5}.Debug|Any CPU.Build.0 = Debug|Any CPU
		{8F215786-AF11-4F89-BA82-8ECA1F85EDC5}.Debug|x64.ActiveCfg = Debug|Any CPU
		{8F215786-AF11-4F89-BA82-8ECA1F85EDC5}.Debug|x64.Build.0 = Debug|Any CPU
		{8F215786-AF11-4F89-BA82-8ECA1F85EDC5}.Debug|x86.ActiveCfg = Debug|Any CPU
		{8F215786-AF11-4F89-BA82-8ECA1F85EDC5}.Debug|x86.Build.0 = Debug|Any CPU
		{8F215786-AF11-4F89-BA82-8ECA1F85EDC5}.Release|Any CPU.ActiveCfg = Release|Any CPU
		{8F215786-AF11-4F89-BA82-8ECA1F85EDC5}.Release|Any CPU.Build.0 = Release|Any CPU
		{8F215786-AF11-4F89-BA82-8ECA1F85EDC5}.Release|x64.ActiveCfg = Release|Any CPU
		{8F215786-AF11-4F89-BA82-8ECA1F85EDC5}.Release|x64.Build.0 = Release|Any CPU
		{8F215786-AF11-4F89-BA82-8ECA1F85EDC5}.Release|x86.ActiveCfg = Release|Any CPU
		{8F215786-AF11-4F89-BA82-8ECA1F85EDC5}.Release|x86.Build.0 = Release|Any CPU
		{959595B4-8680-436B-9C79-5BF0C27CE7BB}.Debug|Any CPU.ActiveCfg = Debug|Any CPU
		{959595B4-8680-436B-9C79-5BF0C27CE7BB}.Debug|Any CPU.Build.0 = Debug|Any CPU
		{959595B4-8680-436B-9C79-5BF0C27CE7BB}.Debug|x64.ActiveCfg = Debug|Any CPU
		{959595B4-8680-436B-9C79-5BF0C27CE7BB}.Debug|x64.Build.0 = Debug|Any CPU
		{959595B4-8680-436B-9C79-5BF0C27CE7BB}.Debug|x86.ActiveCfg = Debug|Any CPU
		{959595B4-8680-436B-9C79-5BF0C27CE7BB}.Debug|x86.Build.0 = Debug|Any CPU
		{959595B4-8680-436B-9C79-5BF0C27CE7BB}.Release|Any CPU.ActiveCfg = Release|Any CPU
		{959595B4-8680-436B-9C79-5BF0C27CE7BB}.Release|Any CPU.Build.0 = Release|Any CPU
		{959595B4-8680-436B-9C79-5BF0C27CE7BB}.Release|x64.ActiveCfg = Release|Any CPU
		{959595B4-8680-436B-9C79-5BF0C27CE7BB}.Release|x64.Build.0 = Release|Any CPU
		{959595B4-8680-436B-9C79-5BF0C27CE7BB}.Release|x86.ActiveCfg = Release|Any CPU
		{959595B4-8680-436B-9C79-5BF0C27CE7BB}.Release|x86.Build.0 = Release|Any CPU
		{0F3CD15A-0BE5-4FAC-827F-E7181F51B2E7}.Debug|Any CPU.ActiveCfg = Debug|Any CPU
		{0F3CD15A-0BE5-4FAC-827F-E7181F51B2E7}.Debug|Any CPU.Build.0 = Debug|Any CPU
		{0F3CD15A-0BE5-4FAC-827F-E7181F51B2E7}.Debug|x64.ActiveCfg = Debug|Any CPU
		{0F3CD15A-0BE5-4FAC-827F-E7181F51B2E7}.Debug|x64.Build.0 = Debug|Any CPU
		{0F3CD15A-0BE5-4FAC-827F-E7181F51B2E7}.Debug|x86.ActiveCfg = Debug|Any CPU
		{0F3CD15A-0BE5-4FAC-827F-E7181F51B2E7}.Debug|x86.Build.0 = Debug|Any CPU
		{0F3CD15A-0BE5-4FAC-827F-E7181F51B2E7}.Release|Any CPU.ActiveCfg = Release|Any CPU
		{0F3CD15A-0BE5-4FAC-827F-E7181F51B2E7}.Release|Any CPU.Build.0 = Release|Any CPU
		{0F3CD15A-0BE5-4FAC-827F-E7181F51B2E7}.Release|x64.ActiveCfg = Release|Any CPU
		{0F3CD15A-0BE5-4FAC-827F-E7181F51B2E7}.Release|x64.Build.0 = Release|Any CPU
		{0F3CD15A-0BE5-4FAC-827F-E7181F51B2E7}.Release|x86.ActiveCfg = Release|Any CPU
		{0F3CD15A-0BE5-4FAC-827F-E7181F51B2E7}.Release|x86.Build.0 = Release|Any CPU
		{21942D79-AC3E-4781-9B63-940ABA900313}.Debug|Any CPU.ActiveCfg = Debug|Any CPU
		{21942D79-AC3E-4781-9B63-940ABA900313}.Debug|Any CPU.Build.0 = Debug|Any CPU
		{21942D79-AC3E-4781-9B63-940ABA900313}.Debug|x64.ActiveCfg = Debug|Any CPU
		{21942D79-AC3E-4781-9B63-940ABA900313}.Debug|x64.Build.0 = Debug|Any CPU
		{21942D79-AC3E-4781-9B63-940ABA900313}.Debug|x86.ActiveCfg = Debug|Any CPU
		{21942D79-AC3E-4781-9B63-940ABA900313}.Debug|x86.Build.0 = Debug|Any CPU
		{21942D79-AC3E-4781-9B63-940ABA900313}.Release|Any CPU.ActiveCfg = Release|Any CPU
		{21942D79-AC3E-4781-9B63-940ABA900313}.Release|Any CPU.Build.0 = Release|Any CPU
		{21942D79-AC3E-4781-9B63-940ABA900313}.Release|x64.ActiveCfg = Release|Any CPU
		{21942D79-AC3E-4781-9B63-940ABA900313}.Release|x64.Build.0 = Release|Any CPU
		{21942D79-AC3E-4781-9B63-940ABA900313}.Release|x86.ActiveCfg = Release|Any CPU
		{21942D79-AC3E-4781-9B63-940ABA900313}.Release|x86.Build.0 = Release|Any CPU
		{CE533D08-86E9-4045-A5EC-89E1EECD3AD1}.Debug|Any CPU.ActiveCfg = Debug|Any CPU
		{CE533D08-86E9-4045-A5EC-89E1EECD3AD1}.Debug|Any CPU.Build.0 = Debug|Any CPU
		{CE533D08-86E9-4045-A5EC-89E1EECD3AD1}.Debug|x64.ActiveCfg = Debug|Any CPU
		{CE533D08-86E9-4045-A5EC-89E1EECD3AD1}.Debug|x64.Build.0 = Debug|Any CPU
		{CE533D08-86E9-4045-A5EC-89E1EECD3AD1}.Debug|x86.ActiveCfg = Debug|Any CPU
		{CE533D08-86E9-4045-A5EC-89E1EECD3AD1}.Debug|x86.Build.0 = Debug|Any CPU
		{CE533D08-86E9-4045-A5EC-89E1EECD3AD1}.Release|Any CPU.ActiveCfg = Release|Any CPU
		{CE533D08-86E9-4045-A5EC-89E1EECD3AD1}.Release|Any CPU.Build.0 = Release|Any CPU
		{CE533D08-86E9-4045-A5EC-89E1EECD3AD1}.Release|x64.ActiveCfg = Release|Any CPU
		{CE533D08-86E9-4045-A5EC-89E1EECD3AD1}.Release|x64.Build.0 = Release|Any CPU
		{CE533D08-86E9-4045-A5EC-89E1EECD3AD1}.Release|x86.ActiveCfg = Release|Any CPU
		{CE533D08-86E9-4045-A5EC-89E1EECD3AD1}.Release|x86.Build.0 = Release|Any CPU
	EndGlobalSection
	GlobalSection(SolutionProperties) = preSolution
		HideSolutionNode = FALSE
	EndGlobalSection
EndGlobal
